
Microsoft Visual Studio Solution File, Format Version 12.00
# Visual Studio Version 17
VisualStudioVersion = 17.8.34330.188
MinimumVisualStudioVersion = 10.0.40219.1
Project("{FAE04EC0-301F-11D3-BF4B-00C04F79EFBC}") = "project 1", "project 1\project 1.csproj", "{6CC2776E-BA0D-4A20-92EF-94481A25F719}"
EndProject
Global
	GlobalSection(SolutionConfigurationPlatforms) = preSolution
		Debug|Any CPU = Debug|Any CPU
		Release|Any CPU = Release|Any CPU
	EndGlobalSection
	GlobalSection(ProjectConfigurationPlatforms) = postSolution
		{6CC2776E-BA0D-4A20-92EF-94481A25F719}.Debug|Any CPU.ActiveCfg = Debug|Any CPU
		{6CC2776E-BA0D-4A20-92EF-94481A25F719}.Debug|Any CPU.Build.0 = Debug|Any CPU
		{6CC2776E-BA0D-4A20-92EF-94481A25F719}.Release|Any CPU.ActiveCfg = Release|Any CPU
		{6CC2776E-BA0D-4A20-92EF-94481A25F719}.Release|Any CPU.Build.0 = Release|Any CPU
	EndGlobalSection
	GlobalSection(SolutionProperties) = preSolution
		HideSolutionNode = FALSE
	EndGlobalSection
	GlobalSection(ExtensibilityGlobals) = postSolution
		SolutionGuid = {F7DD8012-4E7F-4772-9B44-28CD13A0B710}
	EndGlobalSection
EndGlobal
